github.com/coder/websocket v1.8.15 h1:6B2JPeOGlpff2Uz6vOEH1Vzpi0iUz20A+lPVhPHtNUA=
github.com/coder/websocket v1.8.15/go.mod h1:NX3SzP+inril6yawo5CQXx8+fk145lPDC6pumgx0mVg=
github.com/go-gst/go-glib v0.0.2 h1:2sclYOyJzyi2/iRQlNjXoDi0FBxt8NHFPQFdRV9qH38=
github.com/go-gst/go-glib v0.0.2/go.mod h1:cHWRWZCiwhx4CmW92T0/+cxn69AquI7aj2mIk96WgEI=
github.com/go-gst/go-gst v0.0.3-0.20260902084622-a59d0612fd5b h1:Gfb5fwZUaQCGpn3rDLZkgMsYFL9nFX361SyesiaSPdo=
github.com/go-gst/go-gst v0.0.3-0.20260902084622-a59d0612fd5b/go.mod h1:NPMsDZ4Bq3TzTWxUYMYnOyclGNHQUEV9EcbUc6jN7cM=
